
Microsoft Visual Studio Solution File, Format Version 12.00
# Visual Studio Version 17
VisualStudioVersion = 17.11.35312.102
MinimumVisualStudioVersion = 10.0.40219.1
Project("{FAE04EC0-301F-11D3-BF4B-00C04F79EFBC}") = "ExpensesService", "ExpensesService\ExpensesService.csproj", "{C18E2A0B-9A0E-449D-BE9F-216233CE62F3}"
EndProject
Global
	GlobalSection(SolutionConfigurationPlatforms) = preSolution
		Debug|Any CPU = Debug|Any CPU
		Release|Any CPU = Release|Any CPU
	EndGlobalSection
	GlobalSection(ProjectConfigurationPlatforms) = postSolution
		{C18E2A0B-9A0E-449D-BE9F-216233CE62F3}.Debug|Any CPU.ActiveCfg = Debug|Any CPU
		{C18E2A0B-9A0E-449D-BE9F-216233CE62F3}.Debug|Any CPU.Build.0 = Debug|Any CPU
		{C18E2A0B-9A0E-449D-BE9F-216233CE62F3}.Release|Any CPU.ActiveCfg = Release|Any CPU
		{C18E2A0B-9A0E-449D-BE9F-216233CE62F3}.Release|Any CPU.Build.0 = Release|Any CPU
	EndGlobalSection
	GlobalSection(SolutionProperties) = preSolution
		HideSolutionNode = FALSE
	EndGlobalSection
	GlobalSection(ExtensibilityGlobals) = postSolution
		SolutionGuid = {17D000DA-3AC9-4A24-9B27-7D591DB5087D}
	EndGlobalSection
EndGlobal
